{
  "name": "contracts",
  "version": "0.0.0",
  "lockfileVersion": 3,
  "requires": true,
  "packages": {
    "": {
      "name": "contracts",
      "version": "0.0.0",
      "devDependencies": {
        "@openzeppelin/contracts": "^5.3.0",
        "@parity/revive": "^0.0.7",
        "@polkadot-labs/hdkd": "^0.0.10",
        "@polkadot-labs/hdkd-helpers": "^0.0.10",
        "@polkadot/api": "^16.4.1",
        "@polkadot/keyring": "^13.5.3",
        "@scure/bip32": "^1.6.1",
        "@scure/bip39": "^1.5.1",
        "micro-sr25519": "^0.1.0",
        "viem": "^2.31.6"
      }
    },
    "../node_modules/.pnpm/@parity+revive@0.0.7/node_modules/@parity/revive": {
      "version": "0.0.7",
      "dev": true,
      "license": "Apache-2.0",
      "dependencies": {
        "@types/node": "^22.9.0",
        "package-json": "^10.0.1",
        "solc": "^0.8.28"
      },
      "devDependencies": {
        "@eslint/js": "^9.14.0",
        "@openzeppelin/contracts": "5.1.0",
        "eslint": "^9.14.0",
        "globals": "^15.12.0",
        "typescript": "^5.6.3",
        "typescript-eslint": "^8.13.0"
      }
    },
    "../node_modules/.pnpm/@polkadot-labs+hdkd-helpers@0.0.10/node_modules/@polkadot-labs/hdkd-helpers": {
      "version": "0.0.10",
      "dev": true,
      "license": "MIT",
      "dependencies": {
        "@noble/curves": "^1.7.0",
        "@noble/hashes": "^1.6.1",
        "@scure/base": "^1.2.1",
        "micro-sr25519": "^0.1.0",
        "scale-ts": "^1.6.1"
      },
      "devDependencies": {
        "@polkadot-labs/schnorrkel-wasm": "0.0.6",
        "tsup": "^8.3.5",
        "typescript": "^5.7.2",
        "vite-plugin-wasm": "^3.3.0"
      }
    },
    "../node_modules/.pnpm/@polkadot-labs+hdkd@0.0.10/node_modules/@polkadot-labs/hdkd": {
      "version": "0.0.10",
      "dev": true,
      "license": "MIT",
      "dependencies": {
        "@polkadot-labs/hdkd-helpers": "0.0.10"
      },
      "devDependencies": {
        "@noble/curves": "^1.7.0",
        "@substrate/ss58-registry": "^1.51.0",
        "execa": "^9.5.1",
        "tsup": "^8.3.5",
        "typescript": "^5.7.2",
        "vite-plugin-wasm": "^3.3.0"
      }
    },
    "../node_modules/.pnpm/@polkadot+api@16.4.1/node_modules/@polkadot/api": {
      "version": "16.4.1",
      "dev": true,
      "license": "Apache-2.0",
      "dependencies": {
        "@polkadot/api-augment": "16.4.1",
        "@polkadot/api-base": "16.4.1",
        "@polkadot/api-derive": "16.4.1",
        "@polkadot/keyring": "^13.5.3",
        "@polkadot/rpc-augment": "16.4.1",
        "@polkadot/rpc-core": "16.4.1",
        "@polkadot/rpc-provider": "16.4.1",
        "@polkadot/types": "16.4.1",
        "@polkadot/types-augment": "16.4.1",
        "@polkadot/types-codec": "16.4.1",
        "@polkadot/types-create": "16.4.1",
        "@polkadot/types-known": "16.4.1",
        "@polkadot/util": "^13.5.3",
        "@polkadot/util-crypto": "^13.5.3",
        "eventemitter3": "^5.0.1",
        "rxjs": "^7.8.1",
        "tslib": "^2.8.1"
      },
      "engines": {
        "node": ">=18"
      }
    },
    "../node_modules/.pnpm/@polkadot+keyring@13.5.3_@polkadot+util-crypto@13.5.3_@polkadot+util@13.5.3__@polkadot+util@13.5.3/node_modules/@polkadot/keyring": {
      "version": "13.5.3",
      "dev": true,
      "license": "Apache-2.0",
      "dependencies": {
        "@polkadot/util": "13.5.3",
        "@polkadot/util-crypto": "13.5.3",
        "tslib": "^2.8.0"
      },
      "engines": {
        "node": ">=18"
      },
      "peerDependencies": {
        "@polkadot/util": "13.5.3",
        "@polkadot/util-crypto": "13.5.3"
      }
    },
    "../node_modules/.pnpm/@scure+bip32@1.6.1/node_modules/@scure/bip32": {
      "version": "1.6.1",
      "dev": true,
      "license": "MIT",
      "dependencies": {
        "@noble/curves": "~1.8.0",
        "@noble/hashes": "~1.7.0",
        "@scure/base": "~1.2.1"
      },
      "devDependencies": {
        "@paulmillr/jsbt": "0.2.1",
        "micro-should": "0.4.0",
        "prettier": "3.3.2",
        "typescript": "5.5.2"
      },
      "funding": {
        "url": "https://paulmillr.com/funding/"
      }
    },
    "../node_modules/.pnpm/@scure+bip39@1.5.1/node_modules/@scure/bip39": {
      "version": "1.5.1",
      "dev": true,
      "license": "MIT",
      "dependencies": {
        "@noble/hashes": "~1.7.0",
        "@scure/base": "~1.2.1"
      },
      "devDependencies": {
        "@paulmillr/jsbt": "0.2.1",
        "micro-should": "0.4.0",
        "prettier": "3.3.2",
        "typescript": "5.5.2"
      },
      "funding": {
        "url": "https://paulmillr.com/funding/"
      }
    },
    "../node_modules/.pnpm/micro-sr25519@0.1.0/node_modules/micro-sr25519": {
      "version": "0.1.0",
      "dev": true,
      "license": "MIT",
      "dependencies": {
        "@noble/curves": "~1.7.0",
        "@noble/hashes": "~1.6.0"
      },
      "devDependencies": {
        "@paulmillr/jsbt": "0.2.1",
        "micro-bmark": "0.3.1",
        "micro-should": "0.4.0",
        "prettier": "3.3.2",
        "typescript": "5.5.2"
      },
      "funding": {
        "url": "https://paulmillr.com/funding/"
      }
    },
    "../node_modules/.pnpm/viem@2.31.7_typescript@5.6.3_zod@3.24.1/node_modules/viem": {
      "version": "2.31.7",
      "dev": true,
      "funding": [
        {
          "type": "github",
          "url": "https://github.com/sponsors/wevm"
        }
      ],
      "license": "MIT",
      "dependencies": {
        "@noble/curves": "1.9.2",
        "@noble/hashes": "1.8.0",
        "@scure/bip32": "1.7.0",
        "@scure/bip39": "1.6.0",
        "abitype": "1.0.8",
        "isows": "1.0.7",
        "ox": "0.8.1",
        "ws": "8.18.2"
      },
      "peerDependencies": {
        "typescript": ">=5.0.4"
      },
      "peerDependenciesMeta": {
        "typescript": {
          "optional": true
        }
      }
    },
    "node_modules/@openzeppelin/contracts": {
      "version": "5.3.0",
      "resolved": "https://registry.npmjs.org/@openzeppelin/contracts/-/contracts-5.3.0.tgz",
      "integrity": "sha512-zj/KGoW7zxWUE8qOI++rUM18v+VeLTTzKs/DJFkSzHpQFPD/jKKF0TrMxBfGLl3kpdELCNccvB3zmofSzm4nlA==",
      "dev": true,
      "license": "MIT"
    },
    "node_modules/@parity/revive": {
      "resolved": "../node_modules/.pnpm/@parity+revive@0.0.7/node_modules/@parity/revive",
      "link": true
    },
    "node_modules/@polkadot-labs/hdkd": {
      "resolved": "../node_modules/.pnpm/@polkadot-labs+hdkd@0.0.10/node_modules/@polkadot-labs/hdkd",
      "link": true
    },
    "node_modules/@polkadot-labs/hdkd-helpers": {
      "resolved": "../node_modules/.pnpm/@polkadot-labs+hdkd-helpers@0.0.10/node_modules/@polkadot-labs/hdkd-helpers",
      "link": true
    },
    "node_modules/@polkadot/api": {
      "resolved": "../node_modules/.pnpm/@polkadot+api@16.4.1/node_modules/@polkadot/api",
      "link": true
    },
    "node_modules/@polkadot/keyring": {
      "resolved": "../node_modules/.pnpm/@polkadot+keyring@13.5.3_@polkadot+util-crypto@13.5.3_@polkadot+util@13.5.3__@polkadot+util@13.5.3/node_modules/@polkadot/keyring",
      "link": true
    },
    "node_modules/@scure/bip32": {
      "resolved": "../node_modules/.pnpm/@scure+bip32@1.6.1/node_modules/@scure/bip32",
      "link": true
    },
    "node_modules/@scure/bip39": {
      "resolved": "../node_modules/.pnpm/@scure+bip39@1.5.1/node_modules/@scure/bip39",
      "link": true
    },
    "node_modules/micro-sr25519": {
      "resolved": "../node_modules/.pnpm/micro-sr25519@0.1.0/node_modules/micro-sr25519",
      "link": true
    },
    "node_modules/viem": {
      "resolved": "../node_modules/.pnpm/viem@2.31.7_typescript@5.6.3_zod@3.24.1/node_modules/viem",
      "link": true
    }
  }
}
